// !$*UTF8*$!
{
	archiveVersion = 1;
	classes = {
	};
	objectVersion = 56;
	objects = {

/* Begin PBXBuildFile section */
		62202AE828D7D36900BD92EB /* AudioKit in Frameworks */ = {isa = PBXBuildFile; productRef = 62202AE728D7D36900BD92EB /* AudioKit */; };
		62202AEB28D7D3C200BD92EB /* AudioKitEX in Frameworks */ = {isa = PBXBuildFile; productRef = 62202AEA28D7D3C200BD92EB /* AudioKitEX */; };
		62202AEE28D7D3DA00BD92EB /* AudioKitUI in Frameworks */ = {isa = PBXBuildFile; productRef = 62202AED28D7D3DA00BD92EB /* AudioKitUI */; };
		62202AF128D7D3ED00BD92EB /* SoundpipeAudioKit in Frameworks */ = {isa = PBXBuildFile; productRef = 62202AF028D7D3ED00BD92EB /* SoundpipeAudioKit */; };
		62202AF628D7D45D00BD92EB /* LevelProtocol.swift in Sources */ = {isa = PBXBuildFile; fileRef = 62202AF228D7D45D00BD92EB /* LevelProtocol.swift */; };
		62202AF728D7D45D00BD92EB /* NoteProtcol.swift in Sources */ = {isa = PBXBuildFile; fileRef = 62202AF328D7D45D00BD92EB /* NoteProtcol.swift */; };
		62202AF828D7D45D00BD92EB /* ExecriseConverion.swift in Sources */ = {isa = PBXBuildFile; fileRef = 62202AF428D7D45D00BD92EB /* ExecriseConverion.swift */; };
		62202AF928D7D45D00BD92EB /* LevelOne.swift in Sources */ = {isa = PBXBuildFile; fileRef = 62202AF528D7D45D00BD92EB /* LevelOne.swift */; };
		62202C3F28D915F500BD92EB /* Demo.mid in Resources */ = {isa = PBXBuildFile; fileRef = 62202C0C28D915F500BD92EB /* Demo.mid */; };
		62202C4028D915F500BD92EB /* 4tracks.mid in Resources */ = {isa = PBXBuildFile; fileRef = 62202C0D28D915F500BD92EB /* 4tracks.mid */; };
		62202CA228D9190400BD92EB /* Sounds in Resources */ = {isa = PBXBuildFile; fileRef = 62202CA128D9190400BD92EB /* Sounds */; };
		623931A228D7D2EC001AFA4F /* AppDelegate.swift in Sources */ = {isa = PBXBuildFile; fileRef = 623931A128D7D2EC001AFA4F /* AppDelegate.swift */; };
		623931A428D7D2EC001AFA4F /* SceneDelegate.swift in Sources */ = {isa = PBXBuildFile; fileRef = 623931A328D7D2EC001AFA4F /* SceneDelegate.swift */; };
		623931A628D7D2EC001AFA4F /* ViewController.swift in Sources */ = {isa = PBXBuildFile; fileRef = 623931A528D7D2EC001AFA4F /* ViewController.swift */; };
		623931A928D7D2EC001AFA4F /* Main.storyboard in Resources */ = {isa = PBXBuildFile; fileRef = 623931A728D7D2EC001AFA4F /* Main.storyboard */; };
		623931AB28D7D2ED001AFA4F /* Assets.xcassets in Resources */ = {isa = PBXBuildFile; fileRef = 623931AA28D7D2ED001AFA4F /* Assets.xcassets */; };
		623931AE28D7D2ED001AFA4F /* LaunchScreen.storyboard in Resources */ = {isa = PBXBuildFile; fileRef = 623931AC28D7D2ED001AFA4F /* LaunchScreen.storyboard */; };
		623931B928D7D2ED001AFA4F /* _Tests.swift in Sources */ = {isa = PBXBuildFile; fileRef = 623931B828D7D2ED001AFA4F /* _Tests.swift */; };
		623931C328D7D2ED001AFA4F /* _UITests.swift in Sources */ = {isa = PBXBuildFile; fileRef = 623931C228D7D2ED001AFA4F /* _UITests.swift */; };
		623931C528D7D2ED001AFA4F /* _UITestsLaunchTests.swift in Sources */ = {isa = PBXBuildFile; fileRef = 623931C428D7D2ED001AFA4F /* _UITestsLaunchTests.swift */; };
/* End PBXBuildFile section */

/* Begin PBXContainerItemProxy section */
		623931B528D7D2ED001AFA4F /* PBXContainerItemProxy */ = {
			isa = PBXContainerItemProxy;
			containerPortal = 6239319628D7D2EC001AFA4F /* Project object */;
			proxyType = 1;
			remoteGlobalIDString = 6239319D28D7D2EC001AFA4F;
			remoteInfo = 1;
		};
		623931BF28D7D2ED001AFA4F /* PBXContainerItemProxy */ = {
			isa = PBXContainerItemProxy;
			containerPortal = 6239319628D7D2EC001AFA4F /* Project object */;
			proxyType = 1;
			remoteGlobalIDString = 6239319D28D7D2EC001AFA4F;
			remoteInfo = 1;
		};
/* End PBXContainerItemProxy section */

/* Begin PBXFileReference section */
		62202AF228D7D45D00BD92EB /* LevelProtocol.swift */ = {isa = PBXFileReference; fileEncoding = 4; lastKnownFileType = sourcecode.swift; path = LevelProtocol.swift; sourceTree = "<group>"; };
		62202AF328D7D45D00BD92EB /* NoteProtcol.swift */ = {isa = PBXFileReference; fileEncoding = 4; lastKnownFileType = sourcecode.swift; path = NoteProtcol.swift; sourceTree = "<group>"; };
		62202AF428D7D45D00BD92EB /* ExecriseConverion.swift */ = {isa = PBXFileReference; fileEncoding = 4; lastKnownFileType = sourcecode.swift; path = ExecriseConverion.swift; sourceTree = "<group>"; };
		62202AF528D7D45D00BD92EB /* LevelOne.swift */ = {isa = PBXFileReference; fileEncoding = 4; lastKnownFileType = sourcecode.swift; path = LevelOne.swift; sourceTree = "<group>"; };
		62202C0C28D915F500BD92EB /* Demo.mid */ = {isa = PBXFileReference; lastKnownFileType = audio.midi; path = Demo.mid; sourceTree = "<group>"; };
		62202C0D28D915F500BD92EB /* 4tracks.mid */ = {isa = PBXFileReference; lastKnownFileType = audio.midi; path = 4tracks.mid; sourceTree = "<group>"; };
		62202CA128D9190400BD92EB /* Sounds */ = {isa = PBXFileReference; lastKnownFileType = folder; path = Sounds; sourceTree = "<group>"; };
		6239319E28D7D2EC001AFA4F /* 1.app */ = {isa = PBXFileReference; explicitFileType = wrapper.application; includeInIndex = 0; path = 1.app; sourceTree = BUILT_PRODUCTS_DIR; };
		623931A128D7D2EC001AFA4F /* AppDelegate.swift */ = {isa = PBXFileReference; lastKnownFileType = sourcecode.swift; path = AppDelegate.swift; sourceTree = "<group>"; };
		623931A328D7D2EC001AFA4F /* SceneDelegate.swift */ = {isa = PBXFileReference; lastKnownFileType = sourcecode.swift; path = SceneDelegate.swift; sourceTree = "<group>"; };
		623931A528D7D2EC001AFA4F /* ViewController.swift */ = {isa = PBXFileReference; lastKnownFileType = sourcecode.swift; path = ViewController.swift; sourceTree = "<group>"; };
		623931A828D7D2EC001AFA4F /* Base */ = {isa = PBXFileReference; lastKnownFileType = file.storyboard; name = Base; path = Base.lproj/Main.storyboard; sourceTree = "<group>"; };
		623931AA28D7D2ED001AFA4F /* Assets.xcassets */ = {isa = PBXFileReference; lastKnownFileType = folder.assetcatalog; path = Assets.xcassets; sourceTree = "<group>"; };
		623931AD28D7D2ED001AFA4F /* Base */ = {isa = PBXFileReference; lastKnownFileType = file.storyboard; name = Base; path = Base.lproj/LaunchScreen.storyboard; sourceTree = "<group>"; };
		623931AF28D7D2ED001AFA4F /* Info.plist */ = {isa = PBXFileReference; lastKnownFileType = text.plist.xml; path = Info.plist; sourceTree = "<group>"; };
		623931B428D7D2ED001AFA4F /* 1Tests.xctest */ = {isa = PBXFileReference; explicitFileType = wrapper.cfbundle; includeInIndex = 0; path = 1Tests.xctest; sourceTree = BUILT_PRODUCTS_DIR; };
		623931B828D7D2ED001AFA4F /* _Tests.swift */ = {isa = PBXFileReference; lastKnownFileType = sourcecode.swift; path = _Tests.swift; sourceTree = "<group>"; };
		623931BE28D7D2ED001AFA4F /* 1UITests.xctest */ = {isa = PBXFileReference; explicitFileType = wrapper.cfbundle; includeInIndex = 0; path = 1UITests.xctest; sourceTree = BUILT_PRODUCTS_DIR; };
		623931C228D7D2ED001AFA4F /* _UITests.swift */ = {isa = PBXFileReference; lastKnownFileType = sourcecode.swift; path = _UITests.swift; sourceTree = "<group>"; };
		623931C428D7D2ED001AFA4F /* _UITestsLaunchTests.swift */ = {isa = PBXFileReference; lastKnownFileType = sourcecode.swift; path = _UITestsLaunchTests.swift; sourceTree = "<group>"; };
/* End PBXFileReference section */

/* Begin PBXFrameworksBuildPhase section */
		6239319B28D7D2EC001AFA4F /* Frameworks */ = {
			isa = PBXFrameworksBuildPhase;
			buildActionMask = 2147483647;
			files = (
				62202AE828D7D36900BD92EB /* AudioKit in Frameworks */,
				62202AEE28D7D3DA00BD92EB /* AudioKitUI in Frameworks */,
				62202AF128D7D3ED00BD92EB /* SoundpipeAudioKit in Frameworks */,
				62202AEB28D7D3C200BD92EB /* AudioKitEX in Frameworks */,
			);
			runOnlyForDeploymentPostprocessing = 0;
		};
		623931B128D7D2ED001AFA4F /* Frameworks */ = {
			isa = PBXFrameworksBuildPhase;
			buildActionMask = 2147483647;
			files = (
			);
			runOnlyForDeploymentPostprocessing = 0;
		};
		623931BB28D7D2ED001AFA4F /* Frameworks */ = {
			isa = PBXFrameworksBuildPhase;
			buildActionMask = 2147483647;
			files = (
			);
			runOnlyForDeploymentPostprocessing = 0;
		};
/* End PBXFrameworksBuildPhase section */

/* Begin PBXGroup section */
		62202AE528D7D34C00BD92EB /* Frameworks */ = {
			isa = PBXGroup;
			children = (
			);
			name = Frameworks;
			sourceTree = "<group>";
		};
		62202C0B28D915F500BD92EB /* Resources */ = {
			isa = PBXGroup;
			children = (
				62202C0C28D915F500BD92EB /* Demo.mid */,
				62202C0D28D915F500BD92EB /* 4tracks.mid */,
			);
			path = Resources;
			sourceTree = "<group>";
		};
		6239319528D7D2EC001AFA4F = {
			isa = PBXGroup;
			children = (
				62202CA128D9190400BD92EB /* Sounds */,
				623931A028D7D2EC001AFA4F /* 1 */,
				623931B728D7D2ED001AFA4F /* 1Tests */,
				623931C128D7D2ED001AFA4F /* 1UITests */,
				6239319F28D7D2EC001AFA4F /* Products */,
				62202AE528D7D34C00BD92EB /* Frameworks */,
			);
			sourceTree = "<group>";
		};
		6239319F28D7D2EC001AFA4F /* Products */ = {
			isa = PBXGroup;
			children = (
				6239319E28D7D2EC001AFA4F /* 1.app */,
				623931B428D7D2ED001AFA4F /* 1Tests.xctest */,
				623931BE28D7D2ED001AFA4F /* 1UITests.xctest */,
			);
			name = Products;
			sourceTree = "<group>";
		};
		623931A028D7D2EC001AFA4F /* 1 */ = {
			isa = PBXGroup;
			children = (
				62202C0B28D915F500BD92EB /* Resources */,
				62202AF428D7D45D00BD92EB /* ExecriseConverion.swift */,
				62202AF528D7D45D00BD92EB /* LevelOne.swift */,
				62202AF228D7D45D00BD92EB /* LevelProtocol.swift */,
				62202AF328D7D45D00BD92EB /* NoteProtcol.swift */,
				623931A128D7D2EC001AFA4F /* AppDelegate.swift */,
				623931A328D7D2EC001AFA4F /* SceneDelegate.swift */,
				623931A528D7D2EC001AFA4F /* ViewController.swift */,
				623931A728D7D2EC001AFA4F /* Main.storyboard */,
				623931AA28D7D2ED001AFA4F /* Assets.xcassets */,
				623931AC28D7D2ED001AFA4F /* LaunchScreen.storyboard */,
				623931AF28D7D2ED001AFA4F /* Info.plist */,
			);
			path = 1;
			sourceTree = "<group>";
		};
		623931B728D7D2ED001AFA4F /* 1Tests */ = {
			isa = PBXGroup;
			children = (
				623931B828D7D2ED001AFA4F /* _Tests.swift */,
			);
			path = 1Tests;
			sourceTree = "<group>";
		};
		623931C128D7D2ED001AFA4F /* 1UITests */ = {
			isa = PBXGroup;
			children = (
				623931C228D7D2ED001AFA4F /* _UITests.swift */,
				623931C428D7D2ED001AFA4F /* _UITestsLaunchTests.swift */,
			);
			path = 1UITests;
			sourceTree = "<group>";
		};
/* End PBXGroup section */

/* Begin PBXNativeTarget section */
		6239319D28D7D2EC001AFA4F /* 1 */ = {
			isa = PBXNativeTarget;
			buildConfigurationList = 623931C828D7D2ED001AFA4F /* Build configuration list for PBXNativeTarget "1" */;
			buildPhases = (
				6239319A28D7D2EC001AFA4F /* Sources */,
				6239319B28D7D2EC001AFA4F /* Frameworks */,
				6239319C28D7D2EC001AFA4F /* Resources */,
			);
			buildRules = (
			);
			dependencies = (
			);
			name = 1;
			packageProductDependencies = (
				62202AE728D7D36900BD92EB /* AudioKit */,
				62202AEA28D7D3C200BD92EB /* AudioKitEX */,
				62202AED28D7D3DA00BD92EB /* AudioKitUI */,
				62202AF028D7D3ED00BD92EB /* SoundpipeAudioKit */,
			);
			productName = 1;
			productReference = 6239319E28D7D2EC001AFA4F /* 1.app */;
			productType = "com.apple.product-type.application";
		};
		623931B328D7D2ED001AFA4F /* 1Tests */ = {
			isa = PBXNativeTarget;
			buildConfigurationList = 623931CB28D7D2ED001AFA4F /* Build configuration list for PBXNativeTarget "1Tests" */;
			buildPhases = (
				623931B028D7D2ED001AFA4F /* Sources */,
				623931B128D7D2ED001AFA4F /* Frameworks */,
				623931B228D7D2ED001AFA4F /* Resources */,
			);
			buildRules = (
			);
			dependencies = (
				623931B628D7D2ED001AFA4F /* PBXTargetDependency */,
			);
			name = 1Tests;
			productName = 1Tests;
			productReference = 623931B428D7D2ED001AFA4F /* 1Tests.xctest */;
			productType = "com.apple.product-type.bundle.unit-test";
		};
		623931BD28D7D2ED001AFA4F /* 1UITests */ = {
			isa = PBXNativeTarget;
			buildConfigurationList = 623931CE28D7D2ED001AFA4F /* Build configuration list for PBXNativeTarget "1UITests" */;
			buildPhases = (
				623931BA28D7D2ED001AFA4F /* Sources */,
				623931BB28D7D2ED001AFA4F /* Frameworks */,
				623931BC28D7D2ED001AFA4F /* Resources */,
			);
			buildRules = (
			);
			dependencies = (
				623931C028D7D2ED001AFA4F /* PBXTargetDependency */,
			);
			name = 1UITests;
			productName = 1UITests;
			productReference = 623931BE28D7D2ED001AFA4F /* 1UITests.xctest */;
			productType = "com.apple.product-type.bundle.ui-testing";
		};
/* End PBXNativeTarget section */

/* Begin PBXProject section */
		6239319628D7D2EC001AFA4F /* Project object */ = {
			isa = PBXProject;
			attributes = {
				BuildIndependentTargetsInParallel = 1;
				LastSwiftUpdateCheck = 1400;
				LastUpgradeCheck = 1400;
				TargetAttributes = {
					6239319D28D7D2EC001AFA4F = {
						CreatedOnToolsVersion = 14.0;
					};
					623931B328D7D2ED001AFA4F = {
						CreatedOnToolsVersion = 14.0;
						TestTargetID = 6239319D28D7D2EC001AFA4F;
					};
					623931BD28D7D2ED001AFA4F = {
						CreatedOnToolsVersion = 14.0;
						TestTargetID = 6239319D28D7D2EC001AFA4F;
					};
				};
			};
			buildConfigurationList = 6239319928D7D2EC001AFA4F /* Build configuration list for PBXProject "1" */;
			compatibilityVersion = "Xcode 14.0";
			developmentRegion = en;
			hasScannedForEncodings = 0;
			knownRegions = (
				en,
				Base,
			);
			mainGroup = 6239319528D7D2EC001AFA4F;
			packageReferences = (
				62202AE628D7D36900BD92EB /* XCRemoteSwiftPackageReference "AudioKit" */,
				62202AE928D7D3C200BD92EB /* XCRemoteSwiftPackageReference "AudioKitEX" */,
				62202AEC28D7D3DA00BD92EB /* XCRemoteSwiftPackageReference "AudioKitUI" */,
				62202AEF28D7D3ED00BD92EB /* XCRemoteSwiftPackageReference "SoundpipeAudioKit" */,
			);
			productRefGroup = 6239319F28D7D2EC001AFA4F /* Products */;
			projectDirPath = "";
			projectRoot = "";
			targets = (
				6239319D28D7D2EC001AFA4F /* 1 */,
				623931B328D7D2ED001AFA4F /* 1Tests */,
				623931BD28D7D2ED001AFA4F /* 1UITests */,
			);
		};
/* End PBXProject section */

/* Begin PBXResourcesBuildPhase section */
		6239319C28D7D2EC001AFA4F /* Resources */ = {
			isa = PBXResourcesBuildPhase;
			buildActionMask = 2147483647;
			files = (
				62202CA228D9190400BD92EB /* Sounds in Resources */,
				623931AE28D7D2ED001AFA4F /* LaunchScreen.storyboard in Resources */,
				623931AB28D7D2ED001AFA4F /* Assets.xcassets in Resources */,
				62202C4028D915F500BD92EB /* 4tracks.mid in Resources */,
				623931A928D7D2EC001AFA4F /* Main.storyboard in Resources */,
				62202C3F28D915F500BD92EB /* Demo.mid in Resources */,
			);
			runOnlyForDeploymentPostprocessing = 0;
		};
		623931B228D7D2ED001AFA4F /* Resources */ = {
			isa = PBXResourcesBuildPhase;
			buildActionMask = 2147483647;
			files = (
			);
			runOnlyForDeploymentPostprocessing = 0;
		};
		623931BC28D7D2ED001AFA4F /* Resources */ = {
			isa = PBXResourcesBuildPhase;
			buildActionMask = 2147483647;
			files = (
			);
			runOnlyForDeploymentPostprocessing = 0;
		};
/* End PBXResourcesBuildPhase section */

/* Begin PBXSourcesBuildPhase section */
		6239319A28D7D2EC001AFA4F /* Sources */ = {
			isa = PBXSourcesBuildPhase;
			buildActionMask = 2147483647;
			files = (
				62202AF728D7D45D00BD92EB /* NoteProtcol.swift in Sources */,
				62202AF628D7D45D00BD92EB /* LevelProtocol.swift in Sources */,
				623931A628D7D2EC001AFA4F /* ViewController.swift in Sources */,
				62202AF928D7D45D00BD92EB /* LevelOne.swift in Sources */,
				62202AF828D7D45D00BD92EB /* ExecriseConverion.swift in Sources */,
				623931A228D7D2EC001AFA4F /* AppDelegate.swift in Sources */,
				623931A428D7D2EC001AFA4F /* SceneDelegate.swift in Sources */,
			);
			runOnlyForDeploymentPostprocessing = 0;
		};
		623931B028D7D2ED001AFA4F /* Sources */ = {
			isa = PBXSourcesBuildPhase;
			buildActionMask = 2147483647;
			files = (
				623931B928D7D2ED001AFA4F /* _Tests.swift in Sources */,
			);
			runOnlyForDeploymentPostprocessing = 0;
		};
		623931BA28D7D2ED001AFA4F /* Sources */ = {
			isa = PBXSourcesBuildPhase;
			buildActionMask = 2147483647;
			files = (
				623931C528D7D2ED001AFA4F /* _UITestsLaunchTests.swift in Sources */,
				623931C328D7D2ED001AFA4F /* _UITests.swift in Sources */,
			);
			runOnlyForDeploymentPostprocessing = 0;
		};
/* End PBXSourcesBuildPhase section */

/* Begin PBXTargetDependency section */
		623931B628D7D2ED001AFA4F /* PBXTargetDependency */ = {
			isa = PBXTargetDependency;
			target = 6239319D28D7D2EC001AFA4F /* 1 */;
			targetProxy = 623931B528D7D2ED001AFA4F /* PBXContainerItemProxy */;
		};
		623931C028D7D2ED001AFA4F /* PBXTargetDependency */ = {
			isa = PBXTargetDependency;
			target = 6239319D28D7D2EC001AFA4F /* 1 */;
			targetProxy = 623931BF28D7D2ED001AFA4F /* PBXContainerItemProxy */;
		};
/* End PBXTargetDependency section */

/* Begin PBXVariantGroup section */
		623931A728D7D2EC001AFA4F /* Main.storyboard */ = {
			isa = PBXVariantGroup;
			children = (
				623931A828D7D2EC001AFA4F /* Base */,
			);
			name = Main.storyboard;
			sourceTree = "<group>";
		};
		623931AC28D7D2ED001AFA4F /* LaunchScreen.storyboard */ = {
			isa = PBXVariantGroup;
			children = (
				623931AD28D7D2ED001AFA4F /* Base */,
			);
			name = LaunchScreen.storyboard;
			sourceTree = "<group>";
		};
/* End PBXVariantGroup section */

/* Begin XCBuildConfiguration section */
		623931C628D7D2ED001AFA4F /* Debug */ = {
			isa = XCBuildConfiguration;
			buildSettings = {
				ALWAYS_SEARCH_USER_PATHS = NO;
				CLANG_ANALYZER_NONNULL = YES;
				CLANG_ANALYZER_NUMBER_OBJECT_CONVERSION = YES_AGGRESSIVE;
				CLANG_CXX_LANGUAGE_STANDARD = "gnu++20";
				CLANG_ENABLE_MODULES = YES;
				CLANG_ENABLE_OBJC_ARC = YES;
				CLANG_ENABLE_OBJC_WEAK = YES;
				CLANG_WARN_BLOCK_CAPTURE_AUTORELEASING = YES;
				CLANG_WARN_BOOL_CONVERSION = YES;
				CLANG_WARN_COMMA = YES;
				CLANG_WARN_CONSTANT_CONVERSION = YES;
				CLANG_WARN_DEPRECATED_OBJC_IMPLEMENTATIONS = YES;
				CLANG_WARN_DIRECT_OBJC_ISA_USAGE = YES_ERROR;
				CLANG_WARN_DOCUMENTATION_COMMENTS = YES;
				CLANG_WARN_EMPTY_BODY = YES;
				CLANG_WARN_ENUM_CONVERSION = YES;
				CLANG_WARN_INFINITE_RECURSION = YES;
				CLANG_WARN_INT_CONVERSION = YES;
				CLANG_WARN_NON_LITERAL_NULL_CONVERSION = YES;
				CLANG_WARN_OBJC_IMPLICIT_RETAIN_SELF = YES;
				CLANG_WARN_OBJC_LITERAL_CONVERSION = YES;
				CLANG_WARN_OBJC_ROOT_CLASS = YES_ERROR;
				CLANG_WARN_QUOTED_INCLUDE_IN_FRAMEWORK_HEADER = YES;
				CLANG_WARN_RANGE_LOOP_ANALYSIS = YES;
				CLANG_WARN_STRICT_PROTOTYPES = YES;
				CLANG_WARN_SUSPICIOUS_MOVE = YES;
				CLANG_WARN_UNGUARDED_AVAILABILITY = YES_AGGRESSIVE;
				CLANG_WARN_UNREACHABLE_CODE = YES;
				CLANG_WARN__DUPLICATE_METHOD_MATCH = YES;
				COPY_PHASE_STRIP = NO;
				DEBUG_INFORMATION_FORMAT = dwarf;
				ENABLE_STRICT_OBJC_MSGSEND = YES;
				ENABLE_TESTABILITY = YES;
				GCC_C_LANGUAGE_STANDARD = gnu11;
				GCC_DYNAMIC_NO_PIC = NO;
				GCC_NO_COMMON_BLOCKS = YES;
				GCC_OPTIMIZATION_LEVEL = 0;
				GCC_PREPROCESSOR_DEFINITIONS = (
					"DEBUG=1",
					"$(inherited)",
				);
				GCC_WARN_64_TO_32_BIT_CONVERSION = YES;
				GCC_WARN_ABOUT_RETURN_TYPE = YES_ERROR;
				GCC_WARN_UNDECLARED_SELECTOR = YES;
				GCC_WARN_UNINITIALIZED_AUTOS = YES_AGGRESSIVE;
				GCC_WARN_UNUSED_FUNCTION = YES;
				GCC_WARN_UNUSED_VARIABLE = YES;
				IPHONEOS_DEPLOYMENT_TARGET = 16.0;
				MTL_ENABLE_DEBUG_INFO = INCLUDE_SOURCE;
				MTL_FAST_MATH = YES;
				ONLY_ACTIVE_ARCH = YES;
				SDKROOT = iphoneos;
				SWIFT_ACTIVE_COMPILATION_CONDITIONS = DEBUG;
				SWIFT_OPTIMIZATION_LEVEL = "-Onone";
			};
			name = Debug;
		};
		623931C728D7D2ED001AFA4F /* Release */ = {
			isa = XCBuildConfiguration;
			buildSettings = {
				ALWAYS_SEARCH_USER_PATHS = NO;
				CLANG_ANALYZER_NONNULL = YES;
				CLANG_ANALYZER_NUMBER_OBJECT_CONVERSION = YES_AGGRESSIVE;
				CLANG_CXX_LANGUAGE_STANDARD = "gnu++20";
				CLANG_ENABLE_MODULES = YES;
				CLANG_ENABLE_OBJC_ARC = YES;
				CLANG_ENABLE_OBJC_WEAK = YES;
				CLANG_WARN_BLOCK_CAPTURE_AUTORELEASING = YES;
				CLANG_WARN_BOOL_CONVERSION = YES;
				CLANG_WARN_COMMA = YES;
				CLANG_WARN_CONSTANT_CONVERSION = YES;
				CLANG_WARN_DEPRECATED_OBJC_IMPLEMENTATIONS = YES;
				CLANG_WARN_DIRECT_OBJC_ISA_USAGE = YES_ERROR;
				CLANG_WARN_DOCUMENTATION_COMMENTS = YES;
				CLANG_WARN_EMPTY_BODY = YES;
				CLANG_WARN_ENUM_CONVERSION = YES;
				CLANG_WARN_INFINITE_RECURSION = YES;
				CLANG_WARN_INT_CONVERSION = YES;
				CLANG_WARN_NON_LITERAL_NULL_CONVERSION = YES;
				CLANG_WARN_OBJC_IMPLICIT_RETAIN_SELF = YES;
				CLANG_WARN_OBJC_LITERAL_CONVERSION = YES;
				CLANG_WARN_OBJC_ROOT_CLASS = YES_ERROR;
				CLANG_WARN_QUOTED_INCLUDE_IN_FRAMEWORK_HEADER = YES;
				CLANG_WARN_RANGE_LOOP_ANALYSIS = YES;
				CLANG_WARN_STRICT_PROTOTYPES = YES;
				CLANG_WARN_SUSPICIOUS_MOVE = YES;
				CLANG_WARN_UNGUARDED_AVAILABILITY = YES_AGGRESSIVE;
				CLANG_WARN_UNREACHABLE_CODE = YES;
				CLANG_WARN__DUPLICATE_METHOD_MATCH = YES;
				COPY_PHASE_STRIP = NO;
				DEBUG_INFORMATION_FORMAT = "dwarf-with-dsym";
				ENABLE_NS_ASSERTIONS = NO;
				ENABLE_STRICT_OBJC_MSGSEND = YES;
				GCC_C_LANGUAGE_STANDARD = gnu11;
				GCC_NO_COMMON_BLOCKS = YES;
				GCC_WARN_64_TO_32_BIT_CONVERSION = YES;
				GCC_WARN_ABOUT_RETURN_TYPE = YES_ERROR;
				GCC_WARN_UNDECLARED_SELECTOR = YES;
				GCC_WARN_UNINITIALIZED_AUTOS = YES_AGGRESSIVE;
				GCC_WARN_UNUSED_FUNCTION = YES;
				GCC_WARN_UNUSED_VARIABLE = YES;
				IPHONEOS_DEPLOYMENT_TARGET = 16.0;
				MTL_ENABLE_DEBUG_INFO = NO;
				MTL_FAST_MATH = YES;
				SDKROOT = iphoneos;
				SWIFT_COMPILATION_MODE = wholemodule;
				SWIFT_OPTIMIZATION_LEVEL = "-O";
				VALIDATE_PRODUCT = YES;
			};
			name = Release;
		};
		623931C928D7D2ED001AFA4F /* Debug */ = {
			isa = XCBuildConfiguration;
			buildSettings = {
				ASSETCATALOG_COMPILER_APPICON_NAME = AppIcon;
				ASSETCATALOG_COMPILER_GLOBAL_ACCENT_COLOR_NAME = AccentColor;
				CODE_SIGN_STYLE = Automatic;
				CURRENT_PROJECT_VERSION = 1;
				DEVELOPMENT_TEAM = T38VNDL9M5;
				GENERATE_INFOPLIST_FILE = YES;
				INFOPLIST_FILE = 1/Info.plist;
				INFOPLIST_KEY_UIApplicationSupportsIndirectInputEvents = YES;
				INFOPLIST_KEY_UILaunchStoryboardName = LaunchScreen;
				INFOPLIST_KEY_UIMainStoryboardFile = Main;
				INFOPLIST_KEY_UISupportedInterfaceOrientations_iPad = "UIInterfaceOrientationPortrait UIInterfaceOrientationPortraitUpsideDown UIInterfaceOrientationLandscapeLeft UIInterfaceOrientationLandscapeRight";
				INFOPLIST_KEY_UISupportedInterfaceOrientations_iPhone = "UIInterfaceOrientationPortrait UIInterfaceOrientationLandscapeLeft UIInterfaceOrientationLandscapeRight";
				LD_RUNPATH_SEARCH_PATHS = (
					"$(inherited)",
					"@executable_path/Frameworks",
				);
				MARKETING_VERSION = 1.0;
				PRODUCT_BUNDLE_IDENTIFIER = "com.N0turn.-";
				PRODUCT_NAME = "$(TARGET_NAME)";
				SWIFT_EMIT_LOC_STRINGS = YES;
				SWIFT_VERSION = 5.0;
				TARGETED_DEVICE_FAMILY = "1,2";
			};
			name = Debug;
		};
		623931CA28D7D2ED001AFA4F /* Release */ = {
			isa = XCBuildConfiguration;
			buildSettings = {
				ASSETCATALOG_COMPILER_APPICON_NAME = AppIcon;
				ASSETCATALOG_COMPILER_GLOBAL_ACCENT_COLOR_NAME = AccentColor;
				CODE_SIGN_STYLE = Automatic;
				CURRENT_PROJECT_VERSION = 1;
				DEVELOPMENT_TEAM = T38VNDL9M5;
				GENERATE_INFOPLIST_FILE = YES;
				INFOPLIST_FILE = 1/Info.plist;
				INFOPLIST_KEY_UIApplicationSupportsIndirectInputEvents = YES;
				INFOPLIST_KEY_UILaunchStoryboardName = LaunchScreen;
				INFOPLIST_KEY_UIMainStoryboardFile = Main;
				INFOPLIST_KEY_UISupportedInterfaceOrientations_iPad = "UIInterfaceOrientationPortrait UIInterfaceOrientationPortraitUpsideDown UIInterfaceOrientationLandscapeLeft UIInterfaceOrientationLandscapeRight";
				INFOPLIST_KEY_UISupportedInterfaceOrientations_iPhone = "UIInterfaceOrientationPortrait UIInterfaceOrientationLandscapeLeft UIInterfaceOrientationLandscapeRight";
				LD_RUNPATH_SEARCH_PATHS = (
					"$(inherited)",
					"@executable_path/Frameworks",
				);
				MARKETING_VERSION = 1.0;
				PRODUCT_BUNDLE_IDENTIFIER = "com.N0turn.-";
				PRODUCT_NAME = "$(TARGET_NAME)";
				SWIFT_EMIT_LOC_STRINGS = YES;
				SWIFT_VERSION = 5.0;
				TARGETED_DEVICE_FAMILY = "1,2";
			};
			name = Release;
		};
		623931CC28D7D2ED001AFA4F /* Debug */ = {
			isa = XCBuildConfiguration;
			buildSettings = {
				ALWAYS_EMBED_SWIFT_STANDARD_LIBRARIES = YES;
				BUNDLE_LOADER = "$(TEST_HOST)";
				CODE_SIGN_STYLE = Automatic;
				CURRENT_PROJECT_VERSION = 1;
				DEVELOPMENT_TEAM = T38VNDL9M5;
				GENERATE_INFOPLIST_FILE = YES;
				IPHONEOS_DEPLOYMENT_TARGET = 16.0;
				MARKETING_VERSION = 1.0;
				PRODUCT_BUNDLE_IDENTIFIER = "com.N0turn.-Tests";
				PRODUCT_NAME = "$(TARGET_NAME)";
				SWIFT_EMIT_LOC_STRINGS = NO;
				SWIFT_VERSION = 5.0;
				TARGETED_DEVICE_FAMILY = "1,2";
				TEST_HOST = "$(BUILT_PRODUCTS_DIR)/1.app/$(BUNDLE_EXECUTABLE_FOLDER_PATH)/1";
			};
			name = Debug;
		};
		623931CD28D7D2ED001AFA4F /* Release */ = {
			isa = XCBuildConfiguration;
			buildSettings = {
				ALWAYS_EMBED_SWIFT_STANDARD_LIBRARIES = YES;
				BUNDLE_LOADER = "$(TEST_HOST)";
				CODE_SIGN_STYLE = Automatic;
				CURRENT_PROJECT_VERSION = 1;
				DEVELOPMENT_TEAM = T38VNDL9M5;
				GENERATE_INFOPLIST_FILE = YES;
				IPHONEOS_DEPLOYMENT_TARGET = 16.0;
				MARKETING_VERSION = 1.0;
				PRODUCT_BUNDLE_IDENTIFIER = "com.N0turn.-Tests";
				PRODUCT_NAME = "$(TARGET_NAME)";
				SWIFT_EMIT_LOC_STRINGS = NO;
				SWIFT_VERSION = 5.0;
				TARGETED_DEVICE_FAMILY = "1,2";
				TEST_HOST = "$(BUILT_PRODUCTS_DIR)/1.app/$(BUNDLE_EXECUTABLE_FOLDER_PATH)/1";
			};
			name = Release;
		};
		623931CF28D7D2ED001AFA4F /* Debug */ = {
			isa = XCBuildConfiguration;
			buildSettings = {
				ALWAYS_EMBED_SWIFT_STANDARD_LIBRARIES = YES;
				CODE_SIGN_STYLE = Automatic;
				CURRENT_PROJECT_VERSION = 1;
				DEVELOPMENT_TEAM = T38VNDL9M5;
				GENERATE_INFOPLIST_FILE = YES;
				MARKETING_VERSION = 1.0;
				PRODUCT_BUNDLE_IDENTIFIER = "com.N0turn.-UITests";
				PRODUCT_NAME = "$(TARGET_NAME)";
				SWIFT_EMIT_LOC_STRINGS = NO;
				SWIFT_VERSION = 5.0;
				TARGETED_DEVICE_FAMILY = "1,2";
				TEST_TARGET_NAME = 1;
			};
			name = Debug;
		};
		623931D028D7D2ED001AFA4F /* Release */ = {
			isa = XCBuildConfiguration;
			buildSettings = {
				ALWAYS_EMBED_SWIFT_STANDARD_LIBRARIES = YES;
				CODE_SIGN_STYLE = Automatic;
				CURRENT_PROJECT_VERSION = 1;
				DEVELOPMENT_TEAM = T38VNDL9M5;
				GENERATE_INFOPLIST_FILE = YES;
				MARKETING_VERSION = 1.0;
				PRODUCT_BUNDLE_IDENTIFIER = "com.N0turn.-UITests";
				PRODUCT_NAME = "$(TARGET_NAME)";
				SWIFT_EMIT_LOC_STRINGS = NO;
				SWIFT_VERSION = 5.0;
				TARGETED_DEVICE_FAMILY = "1,2";
				TEST_TARGET_NAME = 1;
			};
			name = Release;
		};
/* End XCBuildConfiguration section */

/* Begin XCConfigurationList section */
		6239319928D7D2EC001AFA4F /* Build configuration list for PBXProject "1" */ = {
			isa = XCConfigurationList;
			buildConfigurations = (
				623931C628D7D2ED001AFA4F /* Debug */,
				623931C728D7D2ED001AFA4F /* Release */,
			);
			defaultConfigurationIsVisible = 0;
			defaultConfigurationName = Release;
		};
		623931C828D7D2ED001AFA4F /* Build configuration list for PBXNativeTarget "1" */ = {
			isa = XCConfigurationList;
			buildConfigurations = (
				623931C928D7D2ED001AFA4F /* Debug */,
				623931CA28D7D2ED001AFA4F /* Release */,
			);
			defaultConfigurationIsVisible = 0;
			defaultConfigurationName = Release;
		};
		623931CB28D7D2ED001AFA4F /* Build configuration list for PBXNativeTarget "1Tests" */ = {
			isa = XCConfigurationList;
			buildConfigurations = (
				623931CC28D7D2ED001AFA4F /* Debug */,
				623931CD28D7D2ED001AFA4F /* Release */,
			);
			defaultConfigurationIsVisible = 0;
			defaultConfigurationName = Release;
		};
		623931CE28D7D2ED001AFA4F /* Build configuration list for PBXNativeTarget "1UITests" */ = {
			isa = XCConfigurationList;
			buildConfigurations = (
				623931CF28D7D2ED001AFA4F /* Debug */,
				623931D028D7D2ED001AFA4F /* Release */,
			);
			defaultConfigurationIsVisible = 0;
			defaultConfigurationName = Release;
		};
/* End XCConfigurationList section */

/* Begin XCRemoteSwiftPackageReference section */
		62202AE628D7D36900BD92EB /* XCRemoteSwiftPackageReference "AudioKit" */ = {
			isa = XCRemoteSwiftPackageReference;
			repositoryURL = "https://github.com/AudioKit/AudioKit.git";
			requirement = {
				kind = upToNextMajorVersion;
				minimumVersion = 5.0.0;
			};
		};
		62202AE928D7D3C200BD92EB /* XCRemoteSwiftPackageReference "AudioKitEX" */ = {
			isa = XCRemoteSwiftPackageReference;
			repositoryURL = "https://github.com/AudioKit/AudioKitEX.git";
			requirement = {
				kind = upToNextMajorVersion;
				minimumVersion = 5.0.0;
			};
		};
		62202AEC28D7D3DA00BD92EB /* XCRemoteSwiftPackageReference "AudioKitUI" */ = {
			isa = XCRemoteSwiftPackageReference;
			repositoryURL = "https://github.com/AudioKit/AudioKitUI.git";
			requirement = {
				kind = upToNextMajorVersion;
				minimumVersion = 0.1.5;
			};
		};
		62202AEF28D7D3ED00BD92EB /* XCRemoteSwiftPackageReference "SoundpipeAudioKit" */ = {
			isa = XCRemoteSwiftPackageReference;
			repositoryURL = "https://github.com/AudioKit/SoundpipeAudioKit.git";
			requirement = {
				kind = upToNextMajorVersion;
				minimumVersion = 5.0.0;
			};
		};
/* End XCRemoteSwiftPackageReference section */

/* Begin XCSwiftPackageProductDependency section */
		62202AE728D7D36900BD92EB /* AudioKit */ = {
			isa = XCSwiftPackageProductDependency;
			package = 62202AE628D7D36900BD92EB /* XCRemoteSwiftPackageReference "AudioKit" */;
			productName = AudioKit;
		};
		62202AEA28D7D3C200BD92EB /* AudioKitEX */ = {
			isa = XCSwiftPackageProductDependency;
			package = 62202AE928D7D3C200BD92EB /* XCRemoteSwiftPackageReference "AudioKitEX" */;
			productName = AudioKitEX;
		};
		62202AED28D7D3DA00BD92EB /* AudioKitUI */ = {
			isa = XCSwiftPackageProductDependency;
			package = 62202AEC28D7D3DA00BD92EB /* XCRemoteSwiftPackageReference "AudioKitUI" */;
			productName = AudioKitUI;
		};
		62202AF028D7D3ED00BD92EB /* SoundpipeAudioKit */ = {
			isa = XCSwiftPackageProductDependency;
			package = 62202AEF28D7D3ED00BD92EB /* XCRemoteSwiftPackageReference "SoundpipeAudioKit" */;
			productName = SoundpipeAudioKit;
		};
/* End XCSwiftPackageProductDependency section */
	};
	rootObject = 6239319628D7D2EC001AFA4F /* Project object */;
}
